[[package]]
name = "aiohttp"
version = "3.8.3"
description = "Async http client/server framework (asyncio)"
category = "main"
optional = false
python-versions = ">=3.6"

[package.dependencies]
aiosignal = ">=1.1.2"
async-timeout = ">=4.0.0a3,<5.0"
attrs = ">=17.3.0"
charset-normalizer = ">=2.0,<3.0"
frozenlist = ">=1.1.1"
multidict = ">=4.5,<7.0"
yarl = ">=1.0,<2.0"

[package.extras]
speedups = ["aiodns", "brotli", "cchardet"]

[[package]]
name = "aiosignal"
version = "1.2.0"
description = "aiosignal: a list of registered asynchronous callbacks"
category = "main"
optional = false
python-versions = ">=3.6"

[package.dependencies]
frozenlist = ">=1.1.0"

[[package]]
name = "async-timeout"
version = "4.0.2"
description = "Timeout context manager for asyncio programs"
category = "main"
optional = false
python-versions = ">=3.6"

[[package]]
name = "attrs"
version = "22.1.0"
description = "Classes Without Boilerplate"
category = "main"
optional = false
python-versions = ">=3.5"

[package.extras]
dev = ["coverage[toml] (>=5.0.2)", "hypothesis", "pympler", "pytest (>=4.3.0)", "mypy (>=0.900,!=0.940)", "pytest-mypy-plugins", "zope.interface", "furo", "sphinx", "sphinx-notfound-page", "pre-commit", "cloudpickle"]
docs = ["furo", "sphinx", "zope.interface", "sphinx-notfound-page"]
tests = ["coverage[toml] (>=5.0.2)", "hypothesis", "pympler", "pytest (>=4.3.0)", "mypy (>=0.900,!=0.940)", "pytest-mypy-plugins", "zope.interface", "cloudpickle"]
tests_no_zope = ["coverage[toml] (>=5.0.2)", "hypothesis", "pympler", "pytest (>=4.3.0)", "mypy (>=0.900,!=0.940)", "pytest-mypy-plugins", "cloudpickle"]

[[package]]
name = "charset-normalizer"
version = "2.1.1"
description = "The Real First Universal Charset Detector. Open, modern and actively maintained alternative to Chardet."
category = "main"
optional = false
python-versions = ">=3.6.0"

[package.extras]
unicode_backport = ["unicodedata2"]

[[package]]
name = "discord"
version = "2.0.0"
description = "A mirror package for discord.py. Please install that instead."
category = "main"
optional = false
python-versions = "*"

[package.dependencies]
"discord.py" = ">=2.0.0"

[[package]]
name = "discord.py"
version = "2.0.1"
description = "A Python wrapper for the Discord API"
category = "main"
optional = false
python-versions = ">=3.8.0"

[package.dependencies]
aiohttp = ">=3.7.4,<4"

[package.extras]
voice = ["PyNaCl (>=1.3.0,<1.6)"]
test = ["typing-extensions (>=4.3,<5)", "pytest-mock", "pytest-cov", "pytest-asyncio", "pytest", "coverage"]
speed = ["cchardet (==2.1.7)", "brotli", "aiodns (>=1.1)", "orjson (>=3.5.4)"]
docs = ["typing-extensions (>=4.3,<5)", "sphinxcontrib-websupport", "sphinxcontrib-trio (==1.1.2)", "sphinx (==4.4.0)"]

[[package]]
name = "frozenlist"
version = "1.3.1"
description = "A list-like structure which implements collections.abc.MutableSequence"
category = "main"
optional = false
python-versions = ">=3.7"

[[package]]
name = "idna"
version = "3.4"
description = "Internationalized Domain Names in Applications (IDNA)"
category = "main"
optional = false
python-versions = ">=3.5"

[[package]]
name = "multidict"
version = "6.0.2"
description = "multidict implementation"
category = "main"
optional = false
python-versions = ">=3.7"

[[package]]
name = "wavelink"
version = "1.3.3"
description = "A robust and powerful Lavalink wrapper for discord.py and derivatives."
category = "main"
optional = false
python-versions = "*"

[package.dependencies]
aiohttp = ">=3.7.4,<4"

[[package]]
name = "yarl"
version = "1.8.1"
description = "Yet another URL library"
category = "main"
optional = false
python-versions = ">=3.7"

[package.dependencies]
idna = ">=2.0"
multidict = ">=4.0"

[[package]]
name = "youtube-dl"
version = "2021.12.17"
description = "YouTube video downloader"
category = "main"
optional = false
python-versions = "*"

[metadata]
lock-version = "1.1"
python-versions = "^3.8"
content-hash = "3bb3438ede499c7eebd6ba48c59c69c29533db9b9cf8413ff01c09d7ace508d7"

[metadata.files]
aiohttp = []
aiosignal = []
async-timeout = []
attrs = []
charset-normalizer = []
discord = []
"discord.py" = []
frozenlist = []
idna = []
multidict = []
wavelink = []
yarl = []
youtube-dl = []
